// !$*UTF8*$!
{
	archiveVersion = 1;
	classes = {};
	objectVersion = 56;
	objects = {

/* Begin PBXBuildFile section */
		0109D828B5654F2EB1CB3750 /* ForeverShoppersApp.swift in Sources */ = {isa = PBXBuildFile; fileRef = 615A6D178C704F06A958D588 /* ForeverShoppersApp.swift */; };
		2421736B74EE4B4D8644E0C8 /* ContentView.swift in Sources */ = {isa = PBXBuildFile; fileRef = CA5E328F0FAA41C89F9E077F /* ContentView.swift */; };
		969402DBAD8440E1993664D8 /* Assets.xcassets in Resources */ = {isa = PBXBuildFile; fileRef = 34D60F2146E84C30A92BDCD0 /* Assets.xcassets */; };
		7D4BD536E7BA4C13BEF0F431 /* SafariWebExtensionHandler.swift in Sources */ = {isa = PBXBuildFile; fileRef = E8BA68F4C4BE45E6B1EBF0B5 /* SafariWebExtensionHandler.swift */; };
		D4A511042AD344419B569990 /* manifest.json in Resources */ = {isa = PBXBuildFile; fileRef = E22D66EECE1D463481FF5B50 /* manifest.json */; };
		9626F26F659549DFAB5B2C92 /* popup.html in Resources */ = {isa = PBXBuildFile; fileRef = 4C2462B1DEFE4FCF8A28080A /* popup.html */; };
		4DB3EA71A7FA4107B7E01FC0 /* popup.js in Resources */ = {isa = PBXBuildFile; fileRef = 9F3716E1DDE3405D9C20074C /* popup.js */; };
		85FCD2664DE4415EB3A58EF8 /* background.js in Resources */ = {isa = PBXBuildFile; fileRef = F003D56BB8C24647922803AD /* background.js */; };
		0E37634FC2A44268B796C232 /* content.js in Resources */ = {isa = PBXBuildFile; fileRef = 58B1C4F6707B4054ADA078F7 /* content.js */; };
		94B2762B96A14406829A52DB /* icon16.png in Resources */ = {isa = PBXBuildFile; fileRef = 51B4CE0748134181B69F6EC0 /* icon16.png */; };
		824C3A431F784684998074CE /* icon48.png in Resources */ = {isa = PBXBuildFile; fileRef = E353A27340D94B0493BA0112 /* icon48.png */; };
		3832B41C25B14FFCBD53A091 /* icon128.png in Resources */ = {isa = PBXBuildFile; fileRef = 1F795CA04DAF41C6822FDA3B /* icon128.png */; };
		1A1E13C3C1004224A10D857A /* ForeverShoppers Extension.appex in Embed App Extensions */ = {isa = PBXBuildFile; fileRef = 2A1CE220B7674EBF9D894EC8 /* ForeverShoppers Extension.appex */; settings = {ATTRIBUTES = (RemoveHeadersOnCopy, ); }; };
/* End PBXBuildFile section */

/* Begin PBXCopyFilesBuildPhase section */
		F805F632E3C14BC49D54B578 /* Embed App Extensions */ = {isa = PBXCopyFilesBuildPhase; buildActionMask = 2147483647; dstPath = ""; dstSubfolderSpec = 13; files = (1A1E13C3C1004224A10D857A /* ForeverShoppers Extension.appex in Embed App Extensions */, ); name = "Embed App Extensions"; runOnlyForDeploymentPostprocessing = 0; };
/* End PBXCopyFilesBuildPhase section */

/* Begin PBXFileReference section */
		92036ABAE60C479EA6EEE1CE /* ForeverShoppers.app */ = {isa = PBXFileReference; explicitFileType = wrapper.application; includeInIndex = 0; path = ForeverShoppers.app; sourceTree = BUILT_PRODUCTS_DIR; };
		2A1CE220B7674EBF9D894EC8 /* ForeverShoppers Extension.appex */ = {isa = PBXFileReference; explicitFileType = "wrapper.app-extension"; includeInIndex = 0; path = "ForeverShoppers Extension.appex"; sourceTree = BUILT_PRODUCTS_DIR; };
		615A6D178C704F06A958D588 /* ForeverShoppersApp.swift */ = {isa = PBXFileReference; lastKnownFileType = sourcecode.swift; path = ForeverShoppersApp.swift; sourceTree = "<group>"; };
		CA5E328F0FAA41C89F9E077F /* ContentView.swift */ = {isa = PBXFileReference; lastKnownFileType = sourcecode.swift; path = ContentView.swift; sourceTree = "<group>"; };
		C63FBECBB376497CB5ADD702 /* Info.plist */ = {isa = PBXFileReference; lastKnownFileType = text.plist.xml; path = Info.plist; sourceTree = "<group>"; };
		34D60F2146E84C30A92BDCD0 /* Assets.xcassets */ = {isa = PBXFileReference; lastKnownFileType = folder.assetcatalog; path = Assets.xcassets; sourceTree = "<group>"; };
		E8BA68F4C4BE45E6B1EBF0B5 /* SafariWebExtensionHandler.swift */ = {isa = PBXFileReference; lastKnownFileType = sourcecode.swift; path = SafariWebExtensionHandler.swift; sourceTree = "<group>"; };
		FEF67D7C1735419A91D674F0 /* Info.plist */ = {isa = PBXFileReference; lastKnownFileType = text.plist.xml; path = Info.plist; sourceTree = "<group>"; };
		E22D66EECE1D463481FF5B50 /* manifest.json */ = {isa = PBXFileReference; lastKnownFileType = text.json; path = manifest.json; sourceTree = "<group>"; };
		4C2462B1DEFE4FCF8A28080A /* popup.html */ = {isa = PBXFileReference; lastKnownFileType = text.html; path = popup.html; sourceTree = "<group>"; };
		9F3716E1DDE3405D9C20074C /* popup.js */ = {isa = PBXFileReference; lastKnownFileType = sourcecode.javascript; path = popup.js; sourceTree = "<group>"; };
		F003D56BB8C24647922803AD /* background.js */ = {isa = PBXFileReference; lastKnownFileType = sourcecode.javascript; path = background.js; sourceTree = "<group>"; };
		58B1C4F6707B4054ADA078F7 /* content.js */ = {isa = PBXFileReference; lastKnownFileType = sourcecode.javascript; path = content.js; sourceTree = "<group>"; };
		51B4CE0748134181B69F6EC0 /* icon16.png */ = {isa = PBXFileReference; lastKnownFileType = image.png; path = icon16.png; sourceTree = "<group>"; };
		E353A27340D94B0493BA0112 /* icon48.png */ = {isa = PBXFileReference; lastKnownFileType = image.png; path = icon48.png; sourceTree = "<group>"; };
		1F795CA04DAF41C6822FDA3B /* icon128.png */ = {isa = PBXFileReference; lastKnownFileType = image.png; path = icon128.png; sourceTree = "<group>"; };
/* End PBXFileReference section */

/* Begin PBXFrameworksBuildPhase section */
		BFDF8D39EBFC47A1ABC7DD1B /* Frameworks */ = {isa = PBXFrameworksBuildPhase; buildActionMask = 2147483647; files = (); runOnlyForDeploymentPostprocessing = 0; };
		410BD8C879994DBC8DEA75B6 /* Frameworks */ = {isa = PBXFrameworksBuildPhase; buildActionMask = 2147483647; files = (); runOnlyForDeploymentPostprocessing = 0; };
/* End PBXFrameworksBuildPhase section */

/* Begin PBXGroup section */
		0A1DF3B7FAAF48DCA6B2C960 = {isa = PBXGroup; children = (203E434685B8476D8A39CEFF /* ForeverShoppers */, AEF1B0EA882443FF8C2862C8 /* ForeverShoppers Extension */, C5E85312CBBE4584898778A3 /* Products */, ); sourceTree = "<group>"; };
		203E434685B8476D8A39CEFF /* ForeverShoppers */ = {isa = PBXGroup; children = (615A6D178C704F06A958D588 /* ForeverShoppersApp.swift */, CA5E328F0FAA41C89F9E077F /* ContentView.swift */, 34D60F2146E84C30A92BDCD0 /* Assets.xcassets */, C63FBECBB376497CB5ADD702 /* Info.plist */, ); path = ForeverShoppers; sourceTree = "<group>"; };
		AEF1B0EA882443FF8C2862C8 /* ForeverShoppers Extension */ = {isa = PBXGroup; children = (E8BA68F4C4BE45E6B1EBF0B5 /* SafariWebExtensionHandler.swift */, FEF67D7C1735419A91D674F0 /* Info.plist */, 1F473034A3F646F0AAB1B4A2 /* Resources */, ); path = "ForeverShoppers Extension"; sourceTree = "<group>"; };
		1F473034A3F646F0AAB1B4A2 /* Resources */ = {isa = PBXGroup; children = (E22D66EECE1D463481FF5B50 /* manifest.json */, 4C2462B1DEFE4FCF8A28080A /* popup.html */, 9F3716E1DDE3405D9C20074C /* popup.js */, F003D56BB8C24647922803AD /* background.js */, 58B1C4F6707B4054ADA078F7 /* content.js */, 850593D8AD2A4CB4A7A435DB /* icons */, ); path = Resources; sourceTree = "<group>"; };
		850593D8AD2A4CB4A7A435DB /* icons */ = {isa = PBXGroup; children = (51B4CE0748134181B69F6EC0 /* icon16.png */, E353A27340D94B0493BA0112 /* icon48.png */, 1F795CA04DAF41C6822FDA3B /* icon128.png */, ); path = icons; sourceTree = "<group>"; };
		C5E85312CBBE4584898778A3 /* Products */ = {isa = PBXGroup; children = (92036ABAE60C479EA6EEE1CE /* ForeverShoppers.app */, 2A1CE220B7674EBF9D894EC8 /* ForeverShoppers Extension.appex */, ); name = Products; sourceTree = "<group>"; };
/* End PBXGroup section */

/* Begin PBXNativeTarget section */
		29C681C21D874D07AD80E18F /* ForeverShoppers */ = {isa = PBXNativeTarget; buildConfigurationList = 9FB848AFAB874E26830EBE47 /* Build configuration list for PBXNativeTarget "ForeverShoppers" */; buildPhases = (90150F9861314ACB95AC14C3 /* Sources */, BFDF8D39EBFC47A1ABC7DD1B /* Frameworks */, ADC7A03218E54BD49DC53441 /* Resources */, F805F632E3C14BC49D54B578 /* Embed App Extensions */, ); buildRules = (); dependencies = (); name = ForeverShoppers; productName = ForeverShoppers; productReference = 92036ABAE60C479EA6EEE1CE /* ForeverShoppers.app */; productType = "com.apple.product-type.application"; };
		CC1C48CE70E541E1B1119E44 /* ForeverShoppers Extension */ = {isa = PBXNativeTarget; buildConfigurationList = 6A7A54B07B4D4378821E006C /* Build configuration list for PBXNativeTarget "ForeverShoppers Extension" */; buildPhases = (BFD65D9A074647838525431E /* Sources */, 410BD8C879994DBC8DEA75B6 /* Frameworks */, E5F2A45566C549C790D49178 /* Resources */, ); buildRules = (); dependencies = (); name = "ForeverShoppers Extension"; productName = "ForeverShoppers Extension"; productReference = 2A1CE220B7674EBF9D894EC8 /* ForeverShoppers Extension.appex */; productType = "com.apple.product-type.app-extension"; };
/* End PBXNativeTarget section */

/* Begin PBXProject section */
		1E586FE608BC45A0BDFC83A3 /* Project object */ = {isa = PBXProject; attributes = {BuildIndependentTargetsInParallel = 1; LastSwiftUpdateCheck = 1620; LastUpgradeCheck = 1620; TargetAttributes = {29C681C21D874D07AD80E18F = {CreatedOnToolsVersion = 16.2; }; CC1C48CE70E541E1B1119E44 = {CreatedOnToolsVersion = 16.2; }; }; }; buildConfigurationList = 5BF046D616E0412BACC61837 /* Build configuration list for PBXProject "ForeverShoppersSafari" */; compatibilityVersion = "Xcode 14.0"; developmentRegion = en; hasScannedForEncodings = 0; knownRegions = (en, Base, ); mainGroup = 0A1DF3B7FAAF48DCA6B2C960; productRefGroup = C5E85312CBBE4584898778A3 /* Products */; projectDirPath = ""; projectRoot = ""; targets = (29C681C21D874D07AD80E18F /* ForeverShoppers */, CC1C48CE70E541E1B1119E44 /* ForeverShoppers Extension */, ); };
/* End PBXProject section */

/* Begin PBXResourcesBuildPhase section */
		ADC7A03218E54BD49DC53441 /* Resources */ = {isa = PBXResourcesBuildPhase; buildActionMask = 2147483647; files = (969402DBAD8440E1993664D8 /* Assets.xcassets in Resources */, ); runOnlyForDeploymentPostprocessing = 0; };
		E5F2A45566C549C790D49178 /* Resources */ = {isa = PBXResourcesBuildPhase; buildActionMask = 2147483647; files = (D4A511042AD344419B569990 /* manifest.json in Resources */, 9626F26F659549DFAB5B2C92 /* popup.html in Resources */, 4DB3EA71A7FA4107B7E01FC0 /* popup.js in Resources */, 85FCD2664DE4415EB3A58EF8 /* background.js in Resources */, 0E37634FC2A44268B796C232 /* content.js in Resources */, 94B2762B96A14406829A52DB /* icon16.png in Resources */, 824C3A431F784684998074CE /* icon48.png in Resources */, 3832B41C25B14FFCBD53A091 /* icon128.png in Resources */, ); runOnlyForDeploymentPostprocessing = 0; };
/* End PBXResourcesBuildPhase section */

/* Begin PBXSourcesBuildPhase section */
		90150F9861314ACB95AC14C3 /* Sources */ = {isa = PBXSourcesBuildPhase; buildActionMask = 2147483647; files = (0109D828B5654F2EB1CB3750 /* ForeverShoppersApp.swift in Sources */, 2421736B74EE4B4D8644E0C8 /* ContentView.swift in Sources */, ); runOnlyForDeploymentPostprocessing = 0; };
		BFD65D9A074647838525431E /* Sources */ = {isa = PBXSourcesBuildPhase; buildActionMask = 2147483647; files = (7D4BD536E7BA4C13BEF0F431 /* SafariWebExtensionHandler.swift in Sources */, ); runOnlyForDeploymentPostprocessing = 0; };
/* End PBXSourcesBuildPhase section */

/* Begin XCBuildConfiguration section */
		57198FFBA51F44D892BA7F3A /* Debug */ = {isa = XCBuildConfiguration; buildSettings = {ALWAYS_SEARCH_USER_PATHS = NO; CLANG_ANALYZER_NONNULL = YES; CLANG_ENABLE_MODULES = YES; CLANG_ENABLE_OBJC_ARC = YES; CLANG_ENABLE_OBJC_WEAK = YES; CLANG_WARN_BLOCK_CAPTURE_AUTORELEASING = YES; CLANG_WARN_BOOL_CONVERSION = YES; CLANG_WARN_COMMA = YES; CLANG_WARN_CONSTANT_CONVERSION = YES; CLANG_WARN_DEPRECATED_OBJC_IMPLEMENTATIONS = YES; CLANG_WARN_DIRECT_OBJC_ISA_USAGE = YES_ERROR; CLANG_WARN_DOCUMENTATION_COMMENTS = YES; CLANG_WARN_EMPTY_BODY = YES; CLANG_WARN_ENUM_CONVERSION = YES; CLANG_WARN_INFINITE_RECURSION = YES; CLANG_WARN_INT_CONVERSION = YES; CLANG_WARN_NON_LITERAL_NULL_CONVERSION = YES; CLANG_WARN_OBJC_IMPLICIT_RETAIN_SELF = YES; CLANG_WARN_OBJC_LITERAL_CONVERSION = YES; CLANG_WARN_OBJC_ROOT_CLASS = YES_ERROR; CLANG_WARN_QUOTED_INCLUDE_IN_FRAMEWORK_HEADER = YES; CLANG_WARN_RANGE_LOOP_ANALYSIS = YES; CLANG_WARN_STRICT_PROTOTYPES = YES; CLANG_WARN_SUSPICIOUS_MOVE = YES; CLANG_WARN_UNGUARDED_AVAILABILITY = YES_AGGRESSIVE; CLANG_WARN_UNREACHABLE_CODE = YES; CLANG_WARN__DUPLICATE_METHOD_MATCH = YES; COPY_PHASE_STRIP = NO; DEBUG_INFORMATION_FORMAT = dwarf; ENABLE_STRICT_OBJC_MSGSEND = YES; ENABLE_TESTABILITY = YES; GCC_C_LANGUAGE_STANDARD = gnu17; GCC_DYNAMIC_NO_PIC = NO; GCC_NO_COMMON_BLOCKS = YES; GCC_OPTIMIZATION_LEVEL = 0; GCC_PREPROCESSOR_DEFINITIONS = ("DEBUG=1", "$(inherited)", ); GCC_WARN_64_TO_32_BIT_CONVERSION = YES; GCC_WARN_ABOUT_RETURN_TYPE = YES_ERROR; GCC_WARN_UNDECLARED_SELECTOR = YES; GCC_WARN_UNINITIALIZED_AUTOS = YES_AGGRESSIVE; GCC_WARN_UNUSED_FUNCTION = YES; GCC_WARN_UNUSED_VARIABLE = YES; IPHONEOS_DEPLOYMENT_TARGET = 16.0; MTL_ENABLE_DEBUG_INFO = INCLUDE_SOURCE; MTL_FAST_MATH = YES; ONLY_ACTIVE_ARCH = YES; SDKROOT = iphoneos; SWIFT_ACTIVE_COMPILATION_CONDITIONS = DEBUG; SWIFT_OPTIMIZATION_LEVEL = "-Onone"; }; name = Debug; };
		99D48A0F33434010BF3FBBC1 /* Release */ = {isa = XCBuildConfiguration; buildSettings = {ALWAYS_SEARCH_USER_PATHS = NO; CLANG_ANALYZER_NONNULL = YES; CLANG_ENABLE_MODULES = YES; CLANG_ENABLE_OBJC_ARC = YES; CLANG_ENABLE_OBJC_WEAK = YES; COPY_PHASE_STRIP = NO; DEBUG_INFORMATION_FORMAT = "dwarf-with-dsym"; ENABLE_NS_ASSERTIONS = NO; ENABLE_STRICT_OBJC_MSGSEND = YES; GCC_C_LANGUAGE_STANDARD = gnu17; GCC_NO_COMMON_BLOCKS = YES; GCC_WARN_64_TO_32_BIT_CONVERSION = YES; GCC_WARN_ABOUT_RETURN_TYPE = YES_ERROR; GCC_WARN_UNDECLARED_SELECTOR = YES; GCC_WARN_UNINITIALIZED_AUTOS = YES_AGGRESSIVE; GCC_WARN_UNUSED_FUNCTION = YES; GCC_WARN_UNUSED_VARIABLE = YES; IPHONEOS_DEPLOYMENT_TARGET = 16.0; MTL_ENABLE_DEBUG_INFO = NO; MTL_FAST_MATH = YES; SDKROOT = iphoneos; SWIFT_COMPILATION_MODE = wholemodule; SWIFT_OPTIMIZATION_LEVEL = "-O"; VALIDATE_PRODUCT = YES; }; name = Release; };
		B66396E0C8CC453C9D29AA28 /* Debug */ = {isa = XCBuildConfiguration; buildSettings = {ASSETCATALOG_COMPILER_APPICON_NAME = AppIcon; CODE_SIGN_STYLE = Automatic; CURRENT_PROJECT_VERSION = 2; DEVELOPMENT_ASSET_PATHS = ""; DEVELOPMENT_TEAM = ""; ENABLE_PREVIEWS = YES; GENERATE_INFOPLIST_FILE = NO; INFOPLIST_FILE = ForeverShoppers/Info.plist; MARKETING_VERSION = 1.0.1; PRODUCT_BUNDLE_IDENTIFIER = com.forevershoppers.coupons; PRODUCT_NAME = "ForeverShoppers Coupons"; SWIFT_EMIT_LOC_STRINGS = YES; SWIFT_VERSION = 5.0; TARGETED_DEVICE_FAMILY = "1,2"; }; name = Debug; };
		25C701ED2D3244A1A96F8C2B /* Release */ = {isa = XCBuildConfiguration; buildSettings = {ASSETCATALOG_COMPILER_APPICON_NAME = AppIcon; CODE_SIGN_STYLE = Automatic; CURRENT_PROJECT_VERSION = 2; DEVELOPMENT_TEAM = ""; ENABLE_PREVIEWS = YES; GENERATE_INFOPLIST_FILE = NO; INFOPLIST_FILE = ForeverShoppers/Info.plist; MARKETING_VERSION = 1.0.1; PRODUCT_BUNDLE_IDENTIFIER = com.forevershoppers.coupons; PRODUCT_NAME = "ForeverShoppers Coupons"; SWIFT_EMIT_LOC_STRINGS = YES; SWIFT_VERSION = 5.0; TARGETED_DEVICE_FAMILY = "1,2"; }; name = Release; };
		12598D95BBD64441B2A6203A /* Debug */ = {isa = XCBuildConfiguration; buildSettings = {CODE_SIGN_STYLE = Automatic; CURRENT_PROJECT_VERSION = 2; DEVELOPMENT_TEAM = ""; GENERATE_INFOPLIST_FILE = NO; INFOPLIST_FILE = "ForeverShoppers Extension/Info.plist"; MARKETING_VERSION = 1.0.1; PRODUCT_BUNDLE_IDENTIFIER = com.forevershoppers.coupons.Extension; PRODUCT_NAME = "ForeverShoppersCouponsExtension"; PRODUCT_MODULE_NAME = ForeverShoppersCouponsExtension; SKIP_INSTALL = YES; SWIFT_VERSION = 5.0; TARGETED_DEVICE_FAMILY = "1,2"; }; name = Debug; };
		2FC54F00A5644D9A96DE94ED /* Release */ = {isa = XCBuildConfiguration; buildSettings = {CODE_SIGN_STYLE = Automatic; CURRENT_PROJECT_VERSION = 2; DEVELOPMENT_TEAM = ""; GENERATE_INFOPLIST_FILE = NO; INFOPLIST_FILE = "ForeverShoppers Extension/Info.plist"; MARKETING_VERSION = 1.0.1; PRODUCT_BUNDLE_IDENTIFIER = com.forevershoppers.coupons.Extension; PRODUCT_NAME = "ForeverShoppersCouponsExtension"; PRODUCT_MODULE_NAME = ForeverShoppersCouponsExtension; SKIP_INSTALL = YES; SWIFT_VERSION = 5.0; TARGETED_DEVICE_FAMILY = "1,2"; }; name = Release; };
/* End XCBuildConfiguration section */

/* Begin XCConfigurationList section */
		5BF046D616E0412BACC61837 /* Build configuration list for PBXProject "ForeverShoppersSafari" */ = {isa = XCConfigurationList; buildConfigurations = (57198FFBA51F44D892BA7F3A /* Debug */, 99D48A0F33434010BF3FBBC1 /* Release */, ); defaultConfigurationIsVisible = 0; defaultConfigurationName = Release; };
		9FB848AFAB874E26830EBE47 /* Build configuration list for PBXNativeTarget "ForeverShoppers" */ = {isa = XCConfigurationList; buildConfigurations = (B66396E0C8CC453C9D29AA28 /* Debug */, 25C701ED2D3244A1A96F8C2B /* Release */, ); defaultConfigurationIsVisible = 0; defaultConfigurationName = Release; };
		6A7A54B07B4D4378821E006C /* Build configuration list for PBXNativeTarget "ForeverShoppers Extension" */ = {isa = XCConfigurationList; buildConfigurations = (12598D95BBD64441B2A6203A /* Debug */, 2FC54F00A5644D9A96DE94ED /* Release */, ); defaultConfigurationIsVisible = 0; defaultConfigurationName = Release; };
/* End XCConfigurationList section */
	};
	rootObject = 1E586FE608BC45A0BDFC83A3 /* Project object */;
}
